// !$*UTF8*$!
{
	archiveVersion = 1;
	classes = {
	};
	objectVersion = 46;
	objects = {

/* Begin PBXBuildFile section */
		16C3CD830690011C3479BBF9 /* libPods-UploadImageToFirebase.a in Frameworks */ = {isa = PBXBuildFile; fileRef = 527C484A10C568AE1F025E74 /* libPods-UploadImageToFirebase.a */; };
		2F1F73F31F5C706A00B35ADE /* UploadRecordedAudio.m in Sources */ = {isa = PBXBuildFile; fileRef = 2F1F73F21F5C706A00B35ADE /* UploadRecordedAudio.m */; };
		2F1F73F51F5C715A00B35ADE /* AVFoundation.framework in Frameworks */ = {isa = PBXBuildFile; fileRef = 2F1F73F41F5C715A00B35ADE /* AVFoundation.framework */; };
		2F2958A81F557B17000FE447 /* main.m in Sources */ = {isa = PBXBuildFile; fileRef = 2F2958A71F557B17000FE447 /* main.m */; };
		2F2958AB1F557B17000FE447 /* AppDelegate.m in Sources */ = {isa = PBXBuildFile; fileRef = 2F2958AA1F557B17000FE447 /* AppDelegate.m */; };
		2F2958AE1F557B17000FE447 /* ViewController.m in Sources */ = {isa = PBXBuildFile; fileRef = 2F2958AD1F557B17000FE447 /* ViewController.m */; };
		2F2958B11F557B17000FE447 /* Main.storyboard in Resources */ = {isa = PBXBuildFile; fileRef = 2F2958AF1F557B17000FE447 /* Main.storyboard */; };
		2F2958B31F557B17000FE447 /* Assets.xcassets in Resources */ = {isa = PBXBuildFile; fileRef = 2F2958B21F557B17000FE447 /* Assets.xcassets */; };
		2F2958B61F557B17000FE447 /* LaunchScreen.storyboard in Resources */ = {isa = PBXBuildFile; fileRef = 2F2958B41F557B17000FE447 /* LaunchScreen.storyboard */; };
		2F2958BE1F557C61000FE447 /* GoogleService-Info.plist in Resources */ = {isa = PBXBuildFile; fileRef = 2F2958BD1F557C61000FE447 /* GoogleService-Info.plist */; };
/* End PBXBuildFile section */

/* Begin PBXFileReference section */
		2F1F73F11F5C706A00B35ADE /* UploadRecordedAudio.h */ = {isa = PBXFileReference; fileEncoding = 4; lastKnownFileType = sourcecode.c.h; path = UploadRecordedAudio.h; sourceTree = "<group>"; };
		2F1F73F21F5C706A00B35ADE /* UploadRecordedAudio.m */ = {isa = PBXFileReference; fileEncoding = 4; lastKnownFileType = sourcecode.c.objc; path = UploadRecordedAudio.m; sourceTree = "<group>"; };
		2F1F73F41F5C715A00B35ADE /* AVFoundation.framework */ = {isa = PBXFileReference; lastKnownFileType = wrapper.framework; name = AVFoundation.framework; path = System/Library/Frameworks/AVFoundation.framework; sourceTree = SDKROOT; };
		2F2958A31F557B17000FE447 /* UploadImageToFirebase.app */ = {isa = PBXFileReference; explicitFileType = wrapper.application; includeInIndex = 0; path = UploadImageToFirebase.app; sourceTree = BUILT_PRODUCTS_DIR; };
		2F2958A71F557B17000FE447 /* main.m */ = {isa = PBXFileReference; lastKnownFileType = sourcecode.c.objc; path = main.m; sourceTree = "<group>"; };
		2F2958A91F557B17000FE447 /* AppDelegate.h */ = {isa = PBXFileReference; lastKnownFileType = sourcecode.c.h; path = AppDelegate.h; sourceTree = "<group>"; };
		2F2958AA1F557B17000FE447 /* AppDelegate.m */ = {isa = PBXFileReference; lastKnownFileType = sourcecode.c.objc; path = AppDelegate.m; sourceTree = "<group>"; };
		2F2958AC1F557B17000FE447 /* ViewController.h */ = {isa = PBXFileReference; lastKnownFileType = sourcecode.c.h; path = ViewController.h; sourceTree = "<group>"; };
		2F2958AD1F557B17000FE447 /* ViewController.m */ = {isa = PBXFileReference; lastKnownFileType = sourcecode.c.objc; path = ViewController.m; sourceTree = "<group>"; };
		2F2958B01F557B17000FE447 /* Base */ = {isa = PBXFileReference; lastKnownFileType = file.storyboard; name = Base; path = Base.lproj/Main.storyboard; sourceTree = "<group>"; };
		2F2958B21F557B17000FE447 /* Assets.xcassets */ = {isa = PBXFileReference; lastKnownFileType = folder.assetcatalog; path = Assets.xcassets; sourceTree = "<group>"; };
		2F2958B51F557B17000FE447 /* Base */ = {isa = PBXFileReference; lastKnownFileType = file.storyboard; name = Base; path = Base.lproj/LaunchScreen.storyboard; sourceTree = "<group>"; };
		2F2958B71F557B17000FE447 /* Info.plist */ = {isa = PBXFileReference; lastKnownFileType = text.plist.xml; path = Info.plist; sourceTree = "<group>"; };
		2F2958BD1F557C61000FE447 /* GoogleService-Info.plist */ = {isa = PBXFileReference; fileEncoding = 4; lastKnownFileType = text.plist.xml; path = "GoogleService-Info.plist"; sourceTree = "<group>"; };
		527C484A10C568AE1F025E74 /* libPods-UploadImageToFirebase.a */ = {isa = PBXFileReference; explicitFileType = archive.ar; includeInIndex = 0; path = "libPods-UploadImageToFirebase.a"; sourceTree = BUILT_PRODUCTS_DIR; };
		8F8E39C81DBFC74A065D756E /* Pods-UploadImageToFirebase.debug.xcconfig */ = {isa = PBXFileReference; includeInIndex = 1; lastKnownFileType = text.xcconfig; name = "Pods-UploadImageToFirebase.debug.xcconfig"; path = "Pods/Target Support Files/Pods-UploadImageToFirebase/Pods-UploadImageToFirebase.debug.xcconfig"; sourceTree = "<group>"; };
		E6AE0237047FDBE3EBEB325C /* Pods-UploadImageToFirebase.release.xcconfig */ = {isa = PBXFileReference; includeInIndex = 1; lastKnownFileType = text.xcconfig; name = "Pods-UploadImageToFirebase.release.xcconfig"; path = "Pods/Target Support Files/Pods-UploadImageToFirebase/Pods-UploadImageToFirebase.release.xcconfig"; sourceTree = "<group>"; };
/* End PBXFileReference section */

/* Begin PBXFrameworksBuildPhase section */
		2F2958A01F557B17000FE447 /* Frameworks */ = {
			isa = PBXFrameworksBuildPhase;
			buildActionMask = 2147483647;
			files = (
				2F1F73F51F5C715A00B35ADE /* AVFoundation.framework in Frameworks */,
				16C3CD830690011C3479BBF9 /* libPods-UploadImageToFirebase.a in Frameworks */,
			);
			runOnlyForDeploymentPostprocessing = 0;
		};
/* End PBXFrameworksBuildPhase section */

/* Begin PBXGroup section */
		2F29589A1F557B17000FE447 = {
			isa = PBXGroup;
			children = (
				2F2958A51F557B17000FE447 /* UploadImageToFirebase */,
				2F2958A41F557B17000FE447 /* Products */,
				BAFEAA71CE95B9617C1C6B1B /* Pods */,
				AA3326AF94C344B782D78641 /* Frameworks */,
			);
			sourceTree = "<group>";
		};
		2F2958A41F557B17000FE447 /* Products */ = {
			isa = PBXGroup;
			children = (
				2F2958A31F557B17000FE447 /* UploadImageToFirebase.app */,
			);
			name = Products;
			sourceTree = "<group>";
		};
		2F2958A51F557B17000FE447 /* UploadImageToFirebase */ = {
			isa = PBXGroup;
			children = (
				2F2958A91F557B17000FE447 /* AppDelegate.h */,
				2F2958AA1F557B17000FE447 /* AppDelegate.m */,
				2F2958AC1F557B17000FE447 /* ViewController.h */,
				2F2958AD1F557B17000FE447 /* ViewController.m */,
				2F2958AF1F557B17000FE447 /* Main.storyboard */,
				2F2958B21F557B17000FE447 /* Assets.xcassets */,
				2F2958B41F557B17000FE447 /* LaunchScreen.storyboard */,
				2F2958B71F557B17000FE447 /* Info.plist */,
				2F2958BD1F557C61000FE447 /* GoogleService-Info.plist */,
				2F1F73F11F5C706A00B35ADE /* UploadRecordedAudio.h */,
				2F1F73F21F5C706A00B35ADE /* UploadRecordedAudio.m */,
				2F2958A61F557B17000FE447 /* Supporting Files */,
			);
			path = UploadImageToFirebase;
			sourceTree = "<group>";
		};
		2F2958A61F557B17000FE447 /* Supporting Files */ = {
			isa = PBXGroup;
			children = (
				2F2958A71F557B17000FE447 /* main.m */,
			);
			name = "Supporting Files";
			sourceTree = "<group>";
		};
		AA3326AF94C344B782D78641 /* Frameworks */ = {
			isa = PBXGroup;
			children = (
				2F1F73F41F5C715A00B35ADE /* AVFoundation.framework */,
				527C484A10C568AE1F025E74 /* libPods-UploadImageToFirebase.a */,
			);
			name = Frameworks;
			sourceTree = "<group>";
		};
		BAFEAA71CE95B9617C1C6B1B /* Pods */ = {
			isa = PBXGroup;
			children = (
				8F8E39C81DBFC74A065D756E /* Pods-UploadImageToFirebase.debug.xcconfig */,
				E6AE0237047FDBE3EBEB325C /* Pods-UploadImageToFirebase.release.xcconfig */,
			);
			name = Pods;
			sourceTree = "<group>";
		};
/* End PBXGroup section */

/* Begin PBXNativeTarget section */
		2F2958A21F557B17000FE447 /* UploadImageToFirebase */ = {
			isa = PBXNativeTarget;
			buildConfigurationList = 2F2958BA1F557B17000FE447 /* Build configuration list for PBXNativeTarget "UploadImageToFirebase" */;
			buildPhases = (
				2A57569752982641512F5887 /* [CP] Check Pods Manifest.lock */,
				2F29589F1F557B17000FE447 /* Sources */,
				2F2958A01F557B17000FE447 /* Frameworks */,
				2F2958A11F557B17000FE447 /* Resources */,
				351C629CEA5F81B1CD829931 /* [CP] Embed Pods Frameworks */,
				0826159DAD0F40769C93D031 /* [CP] Copy Pods Resources */,
			);
			buildRules = (
			);
			dependencies = (
			);
			name = UploadImageToFirebase;
			productName = UploadImageToFirebase;
			productReference = 2F2958A31F557B17000FE447 /* UploadImageToFirebase.app */;
			productType = "com.apple.product-type.application";
		};
/* End PBXNativeTarget section */

/* Begin PBXProject section */
		2F29589B1F557B17000FE447 /* Project object */ = {
			isa = PBXProject;
			attributes = {
				LastUpgradeCheck = 0830;
				ORGANIZATIONNAME = "Bar Uncle";
				TargetAttributes = {
					2F2958A21F557B17000FE447 = {
						CreatedOnToolsVersion = 8.3.3;
						ProvisioningStyle = Automatic;
					};
				};
			};
			buildConfigurationList = 2F29589E1F557B17000FE447 /* Build configuration list for PBXProject "UploadImageToFirebase" */;
			compatibilityVersion = "Xcode 3.2";
			developmentRegion = English;
			hasScannedForEncodings = 0;
			knownRegions = (
				en,
				Base,
			);
			mainGroup = 2F29589A1F557B17000FE447;
			productRefGroup = 2F2958A41F557B17000FE447 /* Products */;
			projectDirPath = "";
			projectRoot = "";
			targets = (
				2F2958A21F557B17000FE447 /* UploadImageToFirebase */,
			);
		};
/* End PBXProject section */

/* Begin PBXResourcesBuildPhase section */
		2F2958A11F557B17000FE447 /* Resources */ = {
			isa = PBXResourcesBuildPhase;
			buildActionMask = 2147483647;
			files = (
				2F2958BE1F557C61000FE447 /* GoogleService-Info.plist in Resources */,
				2F2958B61F557B17000FE447 /* LaunchScreen.storyboard in Resources */,
				2F2958B31F557B17000FE447 /* Assets.xcassets in Resources */,
				2F2958B11F557B17000FE447 /* Main.storyboard in Resources */,
			);
			runOnlyForDeploymentPostprocessing = 0;
		};
/* End PBXResourcesBuildPhase section */

/* Begin PBXShellScriptBuildPhase section */
		0826159DAD0F40769C93D031 /* [CP] Copy Pods Resources */ = {
			isa = PBXShellScriptBuildPhase;
			buildActionMask = 2147483647;
			files = (
			);
			inputPaths = (
			);
			name = "[CP] Copy Pods Resources";
			outputPaths = (
			);
			runOnlyForDeploymentPostprocessing = 0;
			shellPath = /bin/sh;
			shellScript = "\"${SRCROOT}/Pods/Target Support Files/Pods-UploadImageToFirebase/Pods-UploadImageToFirebase-resources.sh\"\n";
			showEnvVarsInLog = 0;
		};
		2A57569752982641512F5887 /* [CP] Check Pods Manifest.lock */ = {
			isa = PBXShellScriptBuildPhase;
			buildActionMask = 2147483647;
			files = (
			);
			inputPaths = (
			);
			name = "[CP] Check Pods Manifest.lock";
			outputPaths = (
			);
			runOnlyForDeploymentPostprocessing = 0;
			shellPath = /bin/sh;
			shellScript = "diff \"${PODS_PODFILE_DIR_PATH}/Podfile.lock\" \"${PODS_ROOT}/Manifest.lock\" > /dev/null\nif [ $? != 0 ] ; then\n    # print error to STDERR\n    echo \"error: The sandbox is not in sync with the Podfile.lock. Run 'pod install' or update your CocoaPods installation.\" >&2\n    exit 1\nfi\n";
			showEnvVarsInLog = 0;
		};
		351C629CEA5F81B1CD829931 /* [CP] Embed Pods Frameworks */ = {
			isa = PBXShellScriptBuildPhase;
			buildActionMask = 2147483647;
			files = (
			);
			inputPaths = (
			);
			name = "[CP] Embed Pods Frameworks";
			outputPaths = (
			);
			runOnlyForDeploymentPostprocessing = 0;
			shellPath = /bin/sh;
			shellScript = "\"${SRCROOT}/Pods/Target Support Files/Pods-UploadImageToFirebase/Pods-UploadImageToFirebase-frameworks.sh\"\n";
			showEnvVarsInLog = 0;
		};
/* End PBXShellScriptBuildPhase section */

/* Begin PBXSourcesBuildPhase section */
		2F29589F1F557B17000FE447 /* Sources */ = {
			isa = PBXSourcesBuildPhase;
			buildActionMask = 2147483647;
			files = (
				2F2958AE1F557B17000FE447 /* ViewController.m in Sources */,
				2F2958AB1F557B17000FE447 /* AppDelegate.m in Sources */,
				2F2958A81F557B17000FE447 /* main.m in Sources */,
				2F1F73F31F5C706A00B35ADE /* UploadRecordedAudio.m in Sources */,
			);
			runOnlyForDeploymentPostprocessing = 0;
		};
/* End PBXSourcesBuildPhase section */

/* Begin PBXVariantGroup section */
		2F2958AF1F557B17000FE447 /* Main.storyboard */ = {
			isa = PBXVariantGroup;
			children = (
				2F2958B01F557B17000FE447 /* Base */,
			);
			name = Main.storyboard;
			sourceTree = "<group>";
		};
		2F2958B41F557B17000FE447 /* LaunchScreen.storyboard */ = {
			isa = PBXVariantGroup;
			children = (
				2F2958B51F557B17000FE447 /* Base */,
			);
			name = LaunchScreen.storyboard;
			sourceTree = "<group>";
		};
/* End PBXVariantGroup section */

/* Begin XCBuildConfiguration section */
		2F2958B81F557B17000FE447 /* Debug */ = {
			isa = XCBuildConfiguration;
			buildSettings = {
				ALWAYS_SEARCH_USER_PATHS = NO;
				CLANG_ANALYZER_NONNULL = YES;
				CLANG_ANALYZER_NUMBER_OBJECT_CONVERSION = YES_AGGRESSIVE;
				CLANG_CXX_LANGUAGE_STANDARD = "gnu++0x";
				CLANG_CXX_LIBRARY = "libc++";
				CLANG_ENABLE_MODULES = YES;
				CLANG_ENABLE_OBJC_ARC = YES;
				CLANG_WARN_BOOL_CONVERSION = YES;
				CLANG_WARN_CONSTANT_CONVERSION = YES;
				CLANG_WARN_DIRECT_OBJC_ISA_USAGE = YES_ERROR;
				CLANG_WARN_DOCUMENTATION_COMMENTS = YES;
				CLANG_WARN_EMPTY_BODY = YES;
				CLANG_WARN_ENUM_CONVERSION = YES;
				CLANG_WARN_INFINITE_RECURSION = YES;
				CLANG_WARN_INT_CONVERSION = YES;
				CLANG_WARN_OBJC_ROOT_CLASS = YES_ERROR;
				CLANG_WARN_SUSPICIOUS_MOVE = YES;
				CLANG_WARN_UNREACHABLE_CODE = YES;
				CLANG_WARN__DUPLICATE_METHOD_MATCH = YES;
				"CODE_SIGN_IDENTITY[sdk=iphoneos*]" = "iPhone Developer";
				COPY_PHASE_STRIP = NO;
				DEBUG_INFORMATION_FORMAT = dwarf;
				ENABLE_STRICT_OBJC_MSGSEND = YES;
				ENABLE_TESTABILITY = YES;
				GCC_C_LANGUAGE_STANDARD = gnu99;
				GCC_DYNAMIC_NO_PIC = NO;
				GCC_NO_COMMON_BLOCKS = YES;
				GCC_OPTIMIZATION_LEVEL = 0;
				GCC_PREPROCESSOR_DEFINITIONS = (
					"DEBUG=1",
					"$(inherited)",
				);
				GCC_WARN_64_TO_32_BIT_CONVERSION = YES;
				GCC_WARN_ABOUT_RETURN_TYPE = YES_ERROR;
				GCC_WARN_UNDECLARED_SELECTOR = YES;
				GCC_WARN_UNINITIALIZED_AUTOS = YES_AGGRESSIVE;
				GCC_WARN_UNUSED_FUNCTION = YES;
				GCC_WARN_UNUSED_VARIABLE = YES;
				IPHONEOS_DEPLOYMENT_TARGET = 10.3;
				MTL_ENABLE_DEBUG_INFO = YES;
				ONLY_ACTIVE_ARCH = YES;
				SDKROOT = iphoneos;
			};
			name = Debug;
		};
		2F2958B91F557B17000FE447 /* Release */ = {
			isa = XCBuildConfiguration;
			buildSettings = {
				ALWAYS_SEARCH_USER_PATHS = NO;
				CLANG_ANALYZER_NONNULL = YES;
				CLANG_ANALYZER_NUMBER_OBJECT_CONVERSION = YES_AGGRESSIVE;
				CLANG_CXX_LANGUAGE_STANDARD = "gnu++0x";
				CLANG_CXX_LIBRARY = "libc++";
				CLANG_ENABLE_MODULES = YES;
				CLANG_ENABLE_OBJC_ARC = YES;
				CLANG_WARN_BOOL_CONVERSION = YES;
				CLANG_WARN_CONSTANT_CONVERSION = YES;
				CLANG_WARN_DIRECT_OBJC_ISA_USAGE = YES_ERROR;
				CLANG_WARN_DOCUMENTATION_COMMENTS = YES;
				CLANG_WARN_EMPTY_BODY = YES;
				CLANG_WARN_ENUM_CONVERSION = YES;
				CLANG_WARN_INFINITE_RECURSION = YES;
				CLANG_WARN_INT_CONVERSION = YES;
				CLANG_WARN_OBJC_ROOT_CLASS = YES_ERROR;
				CLANG_WARN_SUSPICIOUS_MOVE = YES;
				CLANG_WARN_UNREACHABLE_CODE = YES;
				CLANG_WARN__DUPLICATE_METHOD_MATCH = YES;
				"CODE_SIGN_IDENTITY[sdk=iphoneos*]" = "iPhone Developer";
				COPY_PHASE_STRIP = NO;
				DEBUG_INFORMATION_FORMAT = "dwarf-with-dsym";
				ENABLE_NS_ASSERTIONS = NO;
				ENABLE_STRICT_OBJC_MSGSEND = YES;
				GCC_C_LANGUAGE_STANDARD = gnu99;
				GCC_NO_COMMON_BLOCKS = YES;
				GCC_WARN_64_TO_32_BIT_CONVERSION = YES;
				GCC_WARN_ABOUT_RETURN_TYPE = YES_ERROR;
				GCC_WARN_UNDECLARED_SELECTOR = YES;
				GCC_WARN_UNINITIALIZED_AUTOS = YES_AGGRESSIVE;
				GCC_WARN_UNUSED_FUNCTION = YES;
				GCC_WARN_UNUSED_VARIABLE = YES;
				IPHONEOS_DEPLOYMENT_TARGET = 10.3;
				MTL_ENABLE_DEBUG_INFO = NO;
				SDKROOT = iphoneos;
				VALIDATE_PRODUCT = YES;
			};
			name = Release;
		};
		2F2958BB1F557B17000FE447 /* Debug */ = {
			isa = XCBuildConfiguration;
			baseConfigurationReference = 8F8E39C81DBFC74A065D756E /* Pods-UploadImageToFirebase.debug.xcconfig */;
			buildSettings = {
				ASSETCATALOG_COMPILER_APPICON_NAME = AppIcon;
				INFOPLIST_FILE = UploadImageToFirebase/Info.plist;
				LD_RUNPATH_SEARCH_PATHS = "$(inherited) @executable_path/Frameworks";
				PRODUCT_BUNDLE_IDENTIFIER = BarUncle.UploadImageToFirebase;
				PRODUCT_NAME = "$(TARGET_NAME)";
			};
			name = Debug;
		};
		2F2958BC1F557B17000FE447 /* Release */ = {
			isa = XCBuildConfiguration;
			baseConfigurationReference = E6AE0237047FDBE3EBEB325C /* Pods-UploadImageToFirebase.release.xcconfig */;
			buildSettings = {
				ASSETCATALOG_COMPILER_APPICON_NAME = AppIcon;
				INFOPLIST_FILE = UploadImageToFirebase/Info.plist;
				LD_RUNPATH_SEARCH_PATHS = "$(inherited) @executable_path/Frameworks";
				PRODUCT_BUNDLE_IDENTIFIER = BarUncle.UploadImageToFirebase;
				PRODUCT_NAME = "$(TARGET_NAME)";
			};
			name = Release;
		};
/* End XCBuildConfiguration section */

/* Begin XCConfigurationList section */
		2F29589E1F557B17000FE447 /* Build configuration list for PBXProject "UploadImageToFirebase" */ = {
			isa = XCConfigurationList;
			buildConfigurations = (
				2F2958B81F557B17000FE447 /* Debug */,
				2F2958B91F557B17000FE447 /* Release */,
			);
			defaultConfigurationIsVisible = 0;
			defaultConfigurationName = Release;
		};
		2F2958BA1F557B17000FE447 /* Build configuration list for PBXNativeTarget "UploadImageToFirebase" */ = {
			isa = XCConfigurationList;
			buildConfigurations = (
				2F2958BB1F557B17000FE447 /* Debug */,
				2F2958BC1F557B17000FE447 /* Release */,
			);
			defaultConfigurationIsVisible = 0;
			defaultConfigurationName = Release;
		};
/* End XCConfigurationList section */
	};
	rootObject = 2F29589B1F557B17000FE447 /* Project object */;
}
